
Microsoft Visual Studio Solution File, Format Version 12.00
# Visual Studio Version 16
VisualStudioVersion = 16.0.30907.101
MinimumVisualStudioVersion = 10.0.40219.1
Project("{FAE04EC0-301F-11D3-BF4B-00C04F79EFBC}") = "Assignment5_McKennaTrussel_BookStore", "Assignment5_McKennaTrussel_BookStore.csproj", "{FC537F78-3DD1-4FF5-8141-9FC4AE5CCC03}"
EndProject
Global
	GlobalSection(SolutionConfigurationPlatforms) = preSolution
		Debug|Any CPU = Debug|Any CPU
		Release|Any CPU = Release|Any CPU
	EndGlobalSection
	GlobalSection(ProjectConfigurationPlatforms) = postSolution
		{FC537F78-3DD1-4FF5-8141-9FC4AE5CCC03}.Debug|Any CPU.ActiveCfg = Debug|Any CPU
		{FC537F78-3DD1-4FF5-8141-9FC4AE5CCC03}.Debug|Any CPU.Build.0 = Debug|Any CPU
		{FC537F78-3DD1-4FF5-8141-9FC4AE5CCC03}.Release|Any CPU.ActiveCfg = Release|Any CPU
		{FC537F78-3DD1-4FF5-8141-9FC4AE5CCC03}.Release|Any CPU.Build.0 = Release|Any CPU
	EndGlobalSection
	GlobalSection(SolutionProperties) = preSolution
		HideSolutionNode = FALSE
	EndGlobalSection
	GlobalSection(ExtensibilityGlobals) = postSolution
		SolutionGuid = {EDDBEEF5-99BE-43B0-A041-51D8A80983A9}
	EndGlobalSection
EndGlobal
